
Microsoft Visual Studio Solution File, Format Version 12.00
# Visual Studio Version 17
VisualStudioVersion = 17.8.34330.188
MinimumVisualStudioVersion = 10.0.40219.1
Project("{FAE04EC0-301F-11D3-BF4B-00C04F79EFBC}") = "ConsoleApp1", "ConsoleApp1\ConsoleApp1.csproj", "{DFC9309C-A5C8-4AEF-B8B2-034132B9796D}"
EndProject
Global
	GlobalSection(SolutionConfigurationPlatforms) = preSolution
		Debug|Any CPU = Debug|Any CPU
		Release|Any CPU = Release|Any CPU
	EndGlobalSection
	GlobalSection(ProjectConfigurationPlatforms) = postSolution
		{DFC9309C-A5C8-4AEF-B8B2-034132B9796D}.Debug|Any CPU.ActiveCfg = Debug|Any CPU
		{DFC9309C-A5C8-4AEF-B8B2-034132B9796D}.Debug|Any CPU.Build.0 = Debug|Any CPU
		{DFC9309C-A5C8-4AEF-B8B2-034132B9796D}.Release|Any CPU.ActiveCfg = Release|Any CPU
		{DFC9309C-A5C8-4AEF-B8B2-034132B9796D}.Release|Any CPU.Build.0 = Release|Any CPU
	EndGlobalSection
	GlobalSection(SolutionProperties) = preSolution
		HideSolutionNode = FALSE
	EndGlobalSection
	GlobalSection(ExtensibilityGlobals) = postSolution
		SolutionGuid = {A0BAD5D9-B040-4A2F-9494-2DF20A5BD03F}
	EndGlobalSection
EndGlobal
